
Microsoft Visual Studio Solution File, Format Version 12.00
# Visual Studio Version 16
VisualStudioVersion = 16.0.31702.278
MinimumVisualStudioVersion = 10.0.40219.1
Project("{9A19103F-16F7-4668-BE54-9A1E7A4F7556}") = "IteratorPatternAkp", "IteratorPatternAkp.csproj", "{5CE05AA2-5F9A-4FF9-AB95-81B9CE684187}"
EndProject
Global
	GlobalSection(SolutionConfigurationPlatforms) = preSolution
		Debug|Any CPU = Debug|Any CPU
		Release|Any CPU = Release|Any CPU
	EndGlobalSection
	GlobalSection(ProjectConfigurationPlatforms) = postSolution
		{5CE05AA2-5F9A-4FF9-AB95-81B9CE684187}.Debug|Any CPU.ActiveCfg = Debug|Any CPU
		{5CE05AA2-5F9A-4FF9-AB95-81B9CE684187}.Debug|Any CPU.Build.0 = Debug|Any CPU
		{5CE05AA2-5F9A-4FF9-AB95-81B9CE684187}.Release|Any CPU.ActiveCfg = Release|Any CPU
		{5CE05AA2-5F9A-4FF9-AB95-81B9CE684187}.Release|Any CPU.Build.0 = Release|Any CPU
	EndGlobalSection
	GlobalSection(SolutionProperties) = preSolution
		HideSolutionNode = FALSE
	EndGlobalSection
	GlobalSection(ExtensibilityGlobals) = postSolution
		SolutionGuid = {C8189159-EB90-43A9-927E-865DEC17F2F6}
	EndGlobalSection
EndGlobal
